{
  "name": "face-recognition-classifiers",
  "version": "0.0.0",
  "lockfileVersion": 1,
  "requires": true,
  "dependencies": {
    "@types/node": {
      "version": "10.0.0",
      "resolved": "https://registry.npmjs.org/@types/node/-/node-10.0.0.tgz",
      "integrity": "sha512-kctoM36XiNZT86a7tPsUje+Q/yl+dqELjtYApi0T5eOQ90Elhu0MI10rmYk44yEP4v1jdDvtjQ9DFtpRtHf2Bw=="
    },
    "acorn": {
      "version": "5.5.3",
      "resolved": "https://registry.npmjs.org/acorn/-/acorn-5.5.3.tgz",
      "integrity": "sha512-jd5MkIUlbbmb07nXH0DT3y7rDVtkzDi4XZOUVWAer8ajmF/DTSSbl5oNFyDOl/OXA33Bl79+ypHhl2pN20VeOQ=="
    },
    "brain.js": {
      "version": "1.2.1",
      "resolved": "https://registry.npmjs.org/brain.js/-/brain.js-1.2.1.tgz",
      "integrity": "sha512-FqxP/+69z5SrJlUx/2W+UWVFpgynrAQf7F4J431/qiYMUpLSa3ub9ayCg61RJQUInNhyaDbObR9lItbksaC6yQ==",
      "requires": {
        "gpu.js": "1.2.0",
        "thaw.js": "2.0.0"
      }
    },
    "commander": {
      "version": "2.15.1",
      "resolved": "https://registry.npmjs.org/commander/-/commander-2.15.1.tgz",
      "integrity": "sha512-VlfT9F3V0v+jr4yxPc5gg9s62/fIVWsd2Bk2iD435um1NlGMYdVCq+MjcXnhYq2icNOizHr1kK+5TI6H0Hy0ag=="
    },
    "gpu.js": {
      "version": "1.2.0",
      "resolved": "https://registry.npmjs.org/gpu.js/-/gpu.js-1.2.0.tgz",
      "integrity": "sha1-OvMGI8YFShEZhyX7bdmuYlyp+ok=",
      "requires": {
        "acorn": "5.5.3"
      }
    },
    "opencv4nodejs": {
      "version": "file:../opencv4nodejs/opencv4nodejs",
      "requires": {
        "@types/node": "9.6.1",
        "macro-inferno": "0.2.1",
        "nan": "2.7.0",
        "native-node-utils": "0.1.2",
        "opencv-build": "0.0.12"
      },
      "dependencies": {
        "@types/node": {
          "version": "9.6.1",
          "bundled": true,
          "optional": true
        },
        "ansi-regex": {
          "version": "2.1.1",
          "bundled": true
        },
        "aproba": {
          "version": "1.2.0",
          "bundled": true
        },
        "are-we-there-yet": {
          "version": "1.1.4",
          "bundled": true,
          "requires": {
            "delegates": "1.0.0",
            "readable-stream": "2.3.5"
          }
        },
        "code-point-at": {
          "version": "1.1.0",
          "bundled": true
        },
        "console-control-strings": {
          "version": "1.1.0",
          "bundled": true
        },
        "core-util-is": {
          "version": "1.0.2",
          "bundled": true
        },
        "delegates": {
          "version": "1.0.0",
          "bundled": true
        },
        "gauge": {
          "version": "2.7.4",
          "bundled": true,
          "requires": {
            "aproba": "1.2.0",
            "console-control-strings": "1.1.0",
            "has-unicode": "2.0.1",
            "object-assign": "4.1.1",
            "signal-exit": "3.0.2",
            "string-width": "1.0.2",
            "strip-ansi": "3.0.1",
            "wide-align": "1.1.2"
          }
        },
        "has-unicode": {
          "version": "2.0.1",
          "bundled": true
        },
        "inherits": {
          "version": "2.0.3",
          "bundled": true
        },
        "is-fullwidth-code-point": {
          "version": "1.0.0",
          "bundled": true,
          "requires": {
            "number-is-nan": "1.0.1"
          }
        },
        "isarray": {
          "version": "1.0.0",
          "bundled": true
        },
        "macro-inferno": {
          "version": "0.2.1",
          "bundled": true,
          "requires": {
            "nan": "2.7.0"
          }
        },
        "nan": {
          "version": "2.7.0",
          "bundled": true
        },
        "native-node-utils": {
          "version": "0.1.2",
          "bundled": true,
          "requires": {
            "nan": "2.10.0"
          },
          "dependencies": {
            "nan": {
              "version": "2.10.0",
              "bundled": true
            }
          }
        },
        "npmlog": {
          "version": "4.1.2",
          "bundled": true,
          "requires": {
            "are-we-there-yet": "1.1.4",
            "console-control-strings": "1.1.0",
            "gauge": "2.7.4",
            "set-blocking": "2.0.0"
          }
        },
        "number-is-nan": {
          "version": "1.0.1",
          "bundled": true
        },
        "object-assign": {
          "version": "4.1.1",
          "bundled": true
        },
        "opencv-build": {
          "version": "0.0.12",
          "bundled": true,
          "requires": {
            "npmlog": "4.1.2"
          }
        },
        "process-nextick-args": {
          "version": "2.0.0",
          "bundled": true
        },
        "readable-stream": {
          "version": "2.3.5",
          "bundled": true,
          "requires": {
            "core-util-is": "1.0.2",
            "inherits": "2.0.3",
            "isarray": "1.0.0",
            "process-nextick-args": "2.0.0",
            "safe-buffer": "5.1.1",
            "string_decoder": "1.0.3",
            "util-deprecate": "1.0.2"
          }
        },
        "safe-buffer": {
          "version": "5.1.1",
          "bundled": true
        },
        "set-blocking": {
          "version": "2.0.0",
          "bundled": true
        },
        "signal-exit": {
          "version": "3.0.2",
          "bundled": true
        },
        "string-width": {
          "version": "1.0.2",
          "bundled": true,
          "requires": {
            "code-point-at": "1.1.0",
            "is-fullwidth-code-point": "1.0.0",
            "strip-ansi": "3.0.1"
          }
        },
        "string_decoder": {
          "version": "1.0.3",
          "bundled": true,
          "requires": {
            "safe-buffer": "5.1.1"
          }
        },
        "strip-ansi": {
          "version": "3.0.1",
          "bundled": true,
          "requires": {
            "ansi-regex": "2.1.1"
          }
        },
        "util-deprecate": {
          "version": "1.0.2",
          "bundled": true
        },
        "wide-align": {
          "version": "1.1.2",
          "bundled": true,
          "requires": {
            "string-width": "1.0.2"
          }
        }
      }
    },
    "thaw.js": {
      "version": "2.0.0",
      "resolved": "https://registry.npmjs.org/thaw.js/-/thaw.js-2.0.0.tgz",
      "integrity": "sha1-RSvF1+4s4bb5IDewW1BsvWVikdA="
    },
    "tslib": {
      "version": "1.9.0",
      "resolved": "https://registry.npmjs.org/tslib/-/tslib-1.9.0.tgz",
      "integrity": "sha512-f/qGG2tUkrISBlQZEjEqoZ3B2+npJjIf04H1wuAv9iA8i04Icp+61KRXxFdha22670NJopsZCIjhC3SnjPRKrQ=="
    }
  }
}
